
Microsoft Visual Studio Solution File, Format Version 12.00
# Visual Studio Version 17
VisualStudioVersion = 17.5.33530.505
MinimumVisualStudioVersion = 10.0.40219.1
Project("{9A19103F-16F7-4668-BE54-9A1E7A4F7556}") = "Blazor_ReportDesigner_Edu", "Blazor_ReportDesigner_Edu.csproj", "{BE2DB031-FA66-49BA-88BA-9D2AE8387542}"
EndProject
Global
	GlobalSection(SolutionConfigurationPlatforms) = preSolution
		Debug|Any CPU = Debug|Any CPU
		Release|Any CPU = Release|Any CPU
	EndGlobalSection
	GlobalSection(ProjectConfigurationPlatforms) = postSolution
		{BE2DB031-FA66-49BA-88BA-9D2AE8387542}.Debug|Any CPU.ActiveCfg = Debug|Any CPU
		{BE2DB031-FA66-49BA-88BA-9D2AE8387542}.Debug|Any CPU.Build.0 = Debug|Any CPU
		{BE2DB031-FA66-49BA-88BA-9D2AE8387542}.Release|Any CPU.ActiveCfg = Release|Any CPU
		{BE2DB031-FA66-49BA-88BA-9D2AE8387542}.Release|Any CPU.Build.0 = Release|Any CPU
	EndGlobalSection
	GlobalSection(SolutionProperties) = preSolution
		HideSolutionNode = FALSE
	EndGlobalSection
	GlobalSection(ExtensibilityGlobals) = postSolution
		SolutionGuid = {57434EB9-C484-4F4D-8926-2605BED54EB0}
	EndGlobalSection
EndGlobal
